{
  "nodes": {
    "crane": {
      "inputs": {
        "flake-compat": "flake-compat",
        "flake-utils": "flake-utils",
        "nixpkgs": [
          "nixpkgs"
        ],
        "rust-overlay": "rust-overlay"
      },
      "locked": {
        "lastModified": 1676846788,
        "narHash": "sha256-XLsHLgXyMdliMeAXuzdGP+TXBaV44kG1RPTUHNOs6Jk=",
        "owner": "ipetkov",
        "repo": "crane",
        "rev": "953b70da2813fb882c39890f2514e7db76fc8843",
        "type": "github"
      },
      "original": {
        "owner": "ipetkov",
        "repo": "crane",
        "type": "github"
      }
    },
    "flake-compat": {
      "flake": false,
      "locked": {
        "lastModified": 1673956053,
        "narHash": "sha256-4gtG9iQuiKITOjNQQeQIpoIB6b16fm+504Ch3sNKLd8=",
        "owner": "edolstra",
        "repo": "flake-compat",
        "rev": "35bb57c0c8d8b62bbfd284272c928ceb64ddbde9",
        "type": "github"
      },
      "original": {
        "owner": "edolstra",
        "repo": "flake-compat",
        "type": "github"
      }
    },
    "flake-utils": {
      "locked": {
        "lastModified": 1676283394,
        "narHash": "sha256-XX2f9c3iySLCw54rJ/CZs+ZK6IQy7GXNY4nSOyu2QG4=",
        "owner": "numtide",
        "repo": "flake-utils",
        "rev": "3db36a8b464d0c4532ba1c7dda728f4576d6d073",
        "type": "github"
      },
      "original": {
        "owner": "numtide",
        "repo": "flake-utils",
        "type": "github"
      }
    },
    "flake-utils_2": {
      "locked": {
        "lastModified": 1676283394,
        "narHash": "sha256-XX2f9c3iySLCw54rJ/CZs+ZK6IQy7GXNY4nSOyu2QG4=",
        "owner": "numtide",
        "repo": "flake-utils",
        "rev": "3db36a8b464d0c4532ba1c7dda728f4576d6d073",
        "type": "github"
      },
      "original": {
        "owner": "numtide",
        "repo": "flake-utils",
        "type": "github"
      }
    },
    "lunatic-git": {
      "flake": false,
      "locked": {
        "lastModified": 1676931204,
        "narHash": "sha256-B6Ool23ZsnXOVdJBGbGqctOb0IHB34Pk4v47t2Hrm3E=",
        "owner": "lunatic-solutions",
        "repo": "lunatic",
        "rev": "9614aa6ccaad4740a7a8957344212ceb773a5106",
        "type": "github"
      },
      "original": {
        "owner": "lunatic-solutions",
        "repo": "lunatic",
        "type": "github"
      }
    },
    "nixpkgs": {
      "locked": {
        "lastModified": 1676928847,
        "narHash": "sha256-FIqk+DHRICsWozlOdRxOXO/g9hCqjPYpmr8wQGrpUCA=",
        "owner": "NixOS",
        "repo": "nixpkgs",
        "rev": "5ab8b5ae26e6a4b781bdebdfd131c054f0b96e70",
        "type": "github"
      },
      "original": {
        "owner": "NixOS",
        "ref": "nixpkgs-unstable",
        "repo": "nixpkgs",
        "type": "github"
      }
    },
    "nixpkgs_2": {
      "locked": {
        "lastModified": 1665296151,
        "narHash": "sha256-uOB0oxqxN9K7XGF1hcnY+PQnlQJ+3bP2vCn/+Ru/bbc=",
        "owner": "NixOS",
        "repo": "nixpkgs",
        "rev": "14ccaaedd95a488dd7ae142757884d8e125b3363",
        "type": "github"
      },
      "original": {
        "owner": "NixOS",
        "ref": "nixpkgs-unstable",
        "repo": "nixpkgs",
        "type": "github"
      }
    },
    "root": {
      "inputs": {
        "crane": "crane",
        "flake-utils": "flake-utils_2",
        "lunatic-git": "lunatic-git",
        "nixpkgs": "nixpkgs",
        "rust-overlay": "rust-overlay_2"
      }
    },
    "rust-overlay": {
      "inputs": {
        "flake-utils": [
          "crane",
          "flake-utils"
        ],
        "nixpkgs": [
          "crane",
          "nixpkgs"
        ]
      },
      "locked": {
        "lastModified": 1676437770,
        "narHash": "sha256-mhJye91Bn0jJIE7NnEywGty/U5qdELfsT8S+FBjTdG4=",
        "owner": "oxalica",
        "repo": "rust-overlay",
        "rev": "a619538647bd03e3ee1d7b947f7c11ff289b376e",
        "type": "github"
      },
      "original": {
        "owner": "oxalica",
        "repo": "rust-overlay",
        "type": "github"
      }
    },
    "rust-overlay_2": {
      "inputs": {
        "flake-utils": [
          "flake-utils"
        ],
        "nixpkgs": "nixpkgs_2"
      },
      "locked": {
        "lastModified": 1675996387,
        "narHash": "sha256-PR6mpu11N7xxK9TTL+ACwtwsz6DedqmBU4QfUA2eT5c=",
        "owner": "oxalica",
        "repo": "rust-overlay",
        "rev": "9cfdc72e60fde874819045b563fc1523dc99afe0",
        "type": "github"
      },
      "original": {
        "owner": "oxalica",
        "ref": "stable",
        "repo": "rust-overlay",
        "type": "github"
      }
    }
  },
  "root": "root",
  "version": 7
}
